
Microsoft Visual Studio Solution File, Format Version 12.00
# Visual Studio Version 17
VisualStudioVersion = 17.7.34031.279
MinimumVisualStudioVersion = 10.0.40219.1
Project("{FAE04EC0-301F-11D3-BF4B-00C04F79EFBC}") = "CalcWPF", "CalcWPF.csproj", "{8755CC74-481E-40CE-9B13-6A2CCAB3BCAD}"
EndProject
Global
	GlobalSection(SolutionConfigurationPlatforms) = preSolution
		Debug|Any CPU = Debug|Any CPU
		Release|Any CPU = Release|Any CPU
	EndGlobalSection
	GlobalSection(ProjectConfigurationPlatforms) = postSolution
		{8755CC74-481E-40CE-9B13-6A2CCAB3BCAD}.Debug|Any CPU.ActiveCfg = Debug|Any CPU
		{8755CC74-481E-40CE-9B13-6A2CCAB3BCAD}.Debug|Any CPU.Build.0 = Debug|Any CPU
		{8755CC74-481E-40CE-9B13-6A2CCAB3BCAD}.Release|Any CPU.ActiveCfg = Release|Any CPU
		{8755CC74-481E-40CE-9B13-6A2CCAB3BCAD}.Release|Any CPU.Build.0 = Release|Any CPU
	EndGlobalSection
	GlobalSection(SolutionProperties) = preSolution
		HideSolutionNode = FALSE
	EndGlobalSection
	GlobalSection(ExtensibilityGlobals) = postSolution
		SolutionGuid = {4073EAB3-38F4-4E66-AE84-19F448E29F9E}
	EndGlobalSection
EndGlobal
